// !$*UTF8*$!
{
	archiveVersion = 1;
	classes = {
	};
	objectVersion = 46;
	objects = {

/* Begin PBXBuildFile section */
		BAB968A6F34A3558E0074BE5 /* Pods_headerdevs_social.framework in Frameworks */ = {isa = PBXBuildFile; fileRef = F85AC438D53E238AAC459FBF /* Pods_headerdevs_social.framework */; };
		E33DD1EA1F1C844700112DA9 /* AppDelegate.swift in Sources */ = {isa = PBXBuildFile; fileRef = E33DD1E91F1C844700112DA9 /* AppDelegate.swift */; };
		E33DD1EC1F1C844700112DA9 /* SignInVC.swift in Sources */ = {isa = PBXBuildFile; fileRef = E33DD1EB1F1C844700112DA9 /* SignInVC.swift */; };
		E33DD1EF1F1C844700112DA9 /* Main.storyboard in Resources */ = {isa = PBXBuildFile; fileRef = E33DD1ED1F1C844700112DA9 /* Main.storyboard */; };
		E33DD1F11F1C844700112DA9 /* Assets.xcassets in Resources */ = {isa = PBXBuildFile; fileRef = E33DD1F01F1C844700112DA9 /* Assets.xcassets */; };
		E33DD1F41F1C844700112DA9 /* LaunchScreen.storyboard in Resources */ = {isa = PBXBuildFile; fileRef = E33DD1F21F1C844700112DA9 /* LaunchScreen.storyboard */; };
		E33DD1FC1F1C855A00112DA9 /* GoogleService-Info.plist in Resources */ = {isa = PBXBuildFile; fileRef = E33DD1FB1F1C855A00112DA9 /* GoogleService-Info.plist */; };
		E3597F711F1F292F00728768 /* FancyView.swift in Sources */ = {isa = PBXBuildFile; fileRef = E3597F701F1F292F00728768 /* FancyView.swift */; };
		E3597F741F1F2AFA00728768 /* Constants.swift in Sources */ = {isa = PBXBuildFile; fileRef = E3597F731F1F2AFA00728768 /* Constants.swift */; };
		E3597F761F1F2CC700728768 /* RoundBtn.swift in Sources */ = {isa = PBXBuildFile; fileRef = E3597F751F1F2CC700728768 /* RoundBtn.swift */; };
		E3597F781F1F2E5100728768 /* FancyField.swift in Sources */ = {isa = PBXBuildFile; fileRef = E3597F771F1F2E5100728768 /* FancyField.swift */; };
		E3597F7A1F1F336800728768 /* FancyBtn.swift in Sources */ = {isa = PBXBuildFile; fileRef = E3597F791F1F336800728768 /* FancyBtn.swift */; };
/* End PBXBuildFile section */

/* Begin PBXFileReference section */
		503FF25896AB8D7DEF5B271D /* Pods-headerdevs-social.release.xcconfig */ = {isa = PBXFileReference; includeInIndex = 1; lastKnownFileType = text.xcconfig; name = "Pods-headerdevs-social.release.xcconfig"; path = "Pods/Target Support Files/Pods-headerdevs-social/Pods-headerdevs-social.release.xcconfig"; sourceTree = "<group>"; };
		675677E66BAF3FB0D5EB9262 /* Pods-headerdevs-social.debug.xcconfig */ = {isa = PBXFileReference; includeInIndex = 1; lastKnownFileType = text.xcconfig; name = "Pods-headerdevs-social.debug.xcconfig"; path = "Pods/Target Support Files/Pods-headerdevs-social/Pods-headerdevs-social.debug.xcconfig"; sourceTree = "<group>"; };
		E33DD1E61F1C844600112DA9 /* headerdevs-social.app */ = {isa = PBXFileReference; explicitFileType = wrapper.application; includeInIndex = 0; path = "headerdevs-social.app"; sourceTree = BUILT_PRODUCTS_DIR; };
		E33DD1E91F1C844700112DA9 /* AppDelegate.swift */ = {isa = PBXFileReference; lastKnownFileType = sourcecode.swift; path = AppDelegate.swift; sourceTree = "<group>"; };
		E33DD1EB1F1C844700112DA9 /* SignInVC.swift */ = {isa = PBXFileReference; lastKnownFileType = sourcecode.swift; path = SignInVC.swift; sourceTree = "<group>"; };
		E33DD1EE1F1C844700112DA9 /* Base */ = {isa = PBXFileReference; lastKnownFileType = file.storyboard; name = Base; path = Base.lproj/Main.storyboard; sourceTree = "<group>"; };
		E33DD1F01F1C844700112DA9 /* Assets.xcassets */ = {isa = PBXFileReference; lastKnownFileType = folder.assetcatalog; path = Assets.xcassets; sourceTree = "<group>"; };
		E33DD1F31F1C844700112DA9 /* Base */ = {isa = PBXFileReference; lastKnownFileType = file.storyboard; name = Base; path = Base.lproj/LaunchScreen.storyboard; sourceTree = "<group>"; };
		E33DD1F51F1C844700112DA9 /* Info.plist */ = {isa = PBXFileReference; lastKnownFileType = text.plist.xml; path = Info.plist; sourceTree = "<group>"; };
		E33DD1FB1F1C855A00112DA9 /* GoogleService-Info.plist */ = {isa = PBXFileReference; fileEncoding = 4; lastKnownFileType = text.plist.xml; path = "GoogleService-Info.plist"; sourceTree = "<group>"; };
		E3597F701F1F292F00728768 /* FancyView.swift */ = {isa = PBXFileReference; fileEncoding = 4; lastKnownFileType = sourcecode.swift; path = FancyView.swift; sourceTree = "<group>"; };
		E3597F731F1F2AFA00728768 /* Constants.swift */ = {isa = PBXFileReference; fileEncoding = 4; lastKnownFileType = sourcecode.swift; path = Constants.swift; sourceTree = "<group>"; };
		E3597F751F1F2CC700728768 /* RoundBtn.swift */ = {isa = PBXFileReference; fileEncoding = 4; lastKnownFileType = sourcecode.swift; path = RoundBtn.swift; sourceTree = "<group>"; };
		E3597F771F1F2E5100728768 /* FancyField.swift */ = {isa = PBXFileReference; fileEncoding = 4; lastKnownFileType = sourcecode.swift; path = FancyField.swift; sourceTree = "<group>"; };
		E3597F791F1F336800728768 /* FancyBtn.swift */ = {isa = PBXFileReference; fileEncoding = 4; lastKnownFileType = sourcecode.swift; path = FancyBtn.swift; sourceTree = "<group>"; };
		E3F579911F209A1A000CD3F4 /* headerdevs-social.entitlements */ = {isa = PBXFileReference; lastKnownFileType = text.plist.entitlements; path = "headerdevs-social.entitlements"; sourceTree = "<group>"; };
		E3F579921F20A582000CD3F4 /* AdSupport.framework */ = {isa = PBXFileReference; lastKnownFileType = wrapper.framework; name = AdSupport.framework; path = System/Library/Frameworks/AdSupport.framework; sourceTree = SDKROOT; };
		E3F579941F20AD39000CD3F4 /* iAd.framework */ = {isa = PBXFileReference; lastKnownFileType = wrapper.framework; name = iAd.framework; path = System/Library/Frameworks/iAd.framework; sourceTree = SDKROOT; };
		E3F579961F20B1F3000CD3F4 /* FBSDKCoreKit.framework */ = {isa = PBXFileReference; lastKnownFileType = wrapper.framework; name = FBSDKCoreKit.framework; path = "../../../../Library/Developer/Xcode/DerivedData/headerdevs-social-bwxgkopzkcyxpifjezsjktlwxfct/Build/Products/Debug-iphonesimulator/FBSDKCoreKit/FBSDKCoreKit.framework"; sourceTree = "<group>"; };
		E3F579971F20B1F3000CD3F4 /* FBSDKLoginKit.framework */ = {isa = PBXFileReference; lastKnownFileType = wrapper.framework; name = FBSDKLoginKit.framework; path = "../../../../Library/Developer/Xcode/DerivedData/headerdevs-social-bwxgkopzkcyxpifjezsjktlwxfct/Build/Products/Debug-iphonesimulator/FBSDKLoginKit/FBSDKLoginKit.framework"; sourceTree = "<group>"; };
		F85AC438D53E238AAC459FBF /* Pods_headerdevs_social.framework */ = {isa = PBXFileReference; explicitFileType = wrapper.framework; includeInIndex = 0; path = Pods_headerdevs_social.framework; sourceTree = BUILT_PRODUCTS_DIR; };
/* End PBXFileReference section */

/* Begin PBXFrameworksBuildPhase section */
		E33DD1E31F1C844600112DA9 /* Frameworks */ = {
			isa = PBXFrameworksBuildPhase;
			buildActionMask = 2147483647;
			files = (
				BAB968A6F34A3558E0074BE5 /* Pods_headerdevs_social.framework in Frameworks */,
			);
			runOnlyForDeploymentPostprocessing = 0;
		};
/* End PBXFrameworksBuildPhase section */

/* Begin PBXGroup section */
		BEB4EE35F05D0C687160A236 /* Pods */ = {
			isa = PBXGroup;
			children = (
				675677E66BAF3FB0D5EB9262 /* Pods-headerdevs-social.debug.xcconfig */,
				503FF25896AB8D7DEF5B271D /* Pods-headerdevs-social.release.xcconfig */,
			);
			name = Pods;
			sourceTree = "<group>";
		};
		E33DD1DD1F1C844500112DA9 = {
			isa = PBXGroup;
			children = (
				E33DD1E81F1C844600112DA9 /* headerdevs-social */,
				E33DD1E71F1C844600112DA9 /* Products */,
				BEB4EE35F05D0C687160A236 /* Pods */,
				F6AD7DEFBC2DF17B9B2EF838 /* Frameworks */,
			);
			sourceTree = "<group>";
		};
		E33DD1E71F1C844600112DA9 /* Products */ = {
			isa = PBXGroup;
			children = (
				E33DD1E61F1C844600112DA9 /* headerdevs-social.app */,
			);
			name = Products;
			sourceTree = "<group>";
		};
		E33DD1E81F1C844600112DA9 /* headerdevs-social */ = {
			isa = PBXGroup;
			children = (
				E3F579911F209A1A000CD3F4 /* headerdevs-social.entitlements */,
				E3597F721F1F2AC200728768 /* Util */,
				E33DD1FF1F1C99C100112DA9 /* Controller */,
				E33DD1FE1F1C99B500112DA9 /* View */,
				E33DD1FD1F1C99AD00112DA9 /* Model */,
				E33DD1FB1F1C855A00112DA9 /* GoogleService-Info.plist */,
				E33DD1E91F1C844700112DA9 /* AppDelegate.swift */,
				E33DD1ED1F1C844700112DA9 /* Main.storyboard */,
				E33DD1F01F1C844700112DA9 /* Assets.xcassets */,
				E33DD1F21F1C844700112DA9 /* LaunchScreen.storyboard */,
				E33DD1F51F1C844700112DA9 /* Info.plist */,
			);
			path = "headerdevs-social";
			sourceTree = "<group>";
		};
		E33DD1FD1F1C99AD00112DA9 /* Model */ = {
			isa = PBXGroup;
			children = (
			);
			name = Model;
			sourceTree = "<group>";
		};
		E33DD1FE1F1C99B500112DA9 /* View */ = {
			isa = PBXGroup;
			children = (
				E3597F701F1F292F00728768 /* FancyView.swift */,
				E3597F751F1F2CC700728768 /* RoundBtn.swift */,
				E3597F771F1F2E5100728768 /* FancyField.swift */,
				E3597F791F1F336800728768 /* FancyBtn.swift */,
			);
			name = View;
			sourceTree = "<group>";
		};
		E33DD1FF1F1C99C100112DA9 /* Controller */ = {
			isa = PBXGroup;
			children = (
				E33DD1EB1F1C844700112DA9 /* SignInVC.swift */,
			);
			name = Controller;
			sourceTree = "<group>";
		};
		E3597F721F1F2AC200728768 /* Util */ = {
			isa = PBXGroup;
			children = (
				E3597F731F1F2AFA00728768 /* Constants.swift */,
			);
			name = Util;
			sourceTree = "<group>";
		};
		F6AD7DEFBC2DF17B9B2EF838 /* Frameworks */ = {
			isa = PBXGroup;
			children = (
				E3F579961F20B1F3000CD3F4 /* FBSDKCoreKit.framework */,
				E3F579971F20B1F3000CD3F4 /* FBSDKLoginKit.framework */,
				E3F579941F20AD39000CD3F4 /* iAd.framework */,
				E3F579921F20A582000CD3F4 /* AdSupport.framework */,
				F85AC438D53E238AAC459FBF /* Pods_headerdevs_social.framework */,
			);
			name = Frameworks;
			sourceTree = "<group>";
		};
/* End PBXGroup section */

/* Begin PBXNativeTarget section */
		E33DD1E51F1C844600112DA9 /* headerdevs-social */ = {
			isa = PBXNativeTarget;
			buildConfigurationList = E33DD1F81F1C844700112DA9 /* Build configuration list for PBXNativeTarget "headerdevs-social" */;
			buildPhases = (
				8BAD3307128B1BEBF477445F /* [CP] Check Pods Manifest.lock */,
				E33DD1E21F1C844600112DA9 /* Sources */,
				E33DD1E31F1C844600112DA9 /* Frameworks */,
				E33DD1E41F1C844600112DA9 /* Resources */,
				C19B7733004BA3CC7C234196 /* [CP] Embed Pods Frameworks */,
				5F9CF5B9262FCDCF59C296E4 /* [CP] Copy Pods Resources */,
			);
			buildRules = (
			);
			dependencies = (
			);
			name = "headerdevs-social";
			productName = "headerdevs-social";
			productReference = E33DD1E61F1C844600112DA9 /* headerdevs-social.app */;
			productType = "com.apple.product-type.application";
		};
/* End PBXNativeTarget section */

/* Begin PBXProject section */
		E33DD1DE1F1C844500112DA9 /* Project object */ = {
			isa = PBXProject;
			attributes = {
				LastSwiftUpdateCheck = 0830;
				LastUpgradeCheck = 0830;
				ORGANIZATIONNAME = Headerdevs;
				TargetAttributes = {
					E33DD1E51F1C844600112DA9 = {
						CreatedOnToolsVersion = 8.3.3;
						DevelopmentTeam = HWPP5F66EL;
						ProvisioningStyle = Automatic;
						SystemCapabilities = {
							com.apple.Keychain = {
								enabled = 1;
							};
						};
					};
				};
			};
			buildConfigurationList = E33DD1E11F1C844500112DA9 /* Build configuration list for PBXProject "headerdevs-social" */;
			compatibilityVersion = "Xcode 3.2";
			developmentRegion = English;
			hasScannedForEncodings = 0;
			knownRegions = (
				en,
				Base,
			);
			mainGroup = E33DD1DD1F1C844500112DA9;
			productRefGroup = E33DD1E71F1C844600112DA9 /* Products */;
			projectDirPath = "";
			projectRoot = "";
			targets = (
				E33DD1E51F1C844600112DA9 /* headerdevs-social */,
			);
		};
/* End PBXProject section */

/* Begin PBXResourcesBuildPhase section */
		E33DD1E41F1C844600112DA9 /* Resources */ = {
			isa = PBXResourcesBuildPhase;
			buildActionMask = 2147483647;
			files = (
				E33DD1F41F1C844700112DA9 /* LaunchScreen.storyboard in Resources */,
				E33DD1FC1F1C855A00112DA9 /* GoogleService-Info.plist in Resources */,
				E33DD1F11F1C844700112DA9 /* Assets.xcassets in Resources */,
				E33DD1EF1F1C844700112DA9 /* Main.storyboard in Resources */,
			);
			runOnlyForDeploymentPostprocessing = 0;
		};
/* End PBXResourcesBuildPhase section */

/* Begin PBXShellScriptBuildPhase section */
		5F9CF5B9262FCDCF59C296E4 /* [CP] Copy Pods Resources */ = {
			isa = PBXShellScriptBuildPhase;
			buildActionMask = 2147483647;
			files = (
			);
			inputPaths = (
			);
			name = "[CP] Copy Pods Resources";
			outputPaths = (
			);
			runOnlyForDeploymentPostprocessing = 0;
			shellPath = /bin/sh;
			shellScript = "\"${SRCROOT}/Pods/Target Support Files/Pods-headerdevs-social/Pods-headerdevs-social-resources.sh\"\n";
			showEnvVarsInLog = 0;
		};
		8BAD3307128B1BEBF477445F /* [CP] Check Pods Manifest.lock */ = {
			isa = PBXShellScriptBuildPhase;
			buildActionMask = 2147483647;
			files = (
			);
			inputPaths = (
			);
			name = "[CP] Check Pods Manifest.lock";
			outputPaths = (
			);
			runOnlyForDeploymentPostprocessing = 0;
			shellPath = /bin/sh;
			shellScript = "diff \"${PODS_PODFILE_DIR_PATH}/Podfile.lock\" \"${PODS_ROOT}/Manifest.lock\" > /dev/null\nif [ $? != 0 ] ; then\n    # print error to STDERR\n    echo \"error: The sandbox is not in sync with the Podfile.lock. Run 'pod install' or update your CocoaPods installation.\" >&2\n    exit 1\nfi\n";
			showEnvVarsInLog = 0;
		};
		C19B7733004BA3CC7C234196 /* [CP] Embed Pods Frameworks */ = {
			isa = PBXShellScriptBuildPhase;
			buildActionMask = 2147483647;
			files = (
			);
			inputPaths = (
			);
			name = "[CP] Embed Pods Frameworks";
			outputPaths = (
			);
			runOnlyForDeploymentPostprocessing = 0;
			shellPath = /bin/sh;
			shellScript = "\"${SRCROOT}/Pods/Target Support Files/Pods-headerdevs-social/Pods-headerdevs-social-frameworks.sh\"\n";
			showEnvVarsInLog = 0;
		};
/* End PBXShellScriptBuildPhase section */

/* Begin PBXSourcesBuildPhase section */
		E33DD1E21F1C844600112DA9 /* Sources */ = {
			isa = PBXSourcesBuildPhase;
			buildActionMask = 2147483647;
			files = (
				E3597F781F1F2E5100728768 /* FancyField.swift in Sources */,
				E33DD1EC1F1C844700112DA9 /* SignInVC.swift in Sources */,
				E3597F761F1F2CC700728768 /* RoundBtn.swift in Sources */,
				E33DD1EA1F1C844700112DA9 /* AppDelegate.swift in Sources */,
				E3597F711F1F292F00728768 /* FancyView.swift in Sources */,
				E3597F741F1F2AFA00728768 /* Constants.swift in Sources */,
				E3597F7A1F1F336800728768 /* FancyBtn.swift in Sources */,
			);
			runOnlyForDeploymentPostprocessing = 0;
		};
/* End PBXSourcesBuildPhase section */

/* Begin PBXVariantGroup section */
		E33DD1ED1F1C844700112DA9 /* Main.storyboard */ = {
			isa = PBXVariantGroup;
			children = (
				E33DD1EE1F1C844700112DA9 /* Base */,
			);
			name = Main.storyboard;
			sourceTree = "<group>";
		};
		E33DD1F21F1C844700112DA9 /* LaunchScreen.storyboard */ = {
			isa = PBXVariantGroup;
			children = (
				E33DD1F31F1C844700112DA9 /* Base */,
			);
			name = LaunchScreen.storyboard;
			sourceTree = "<group>";
		};
/* End PBXVariantGroup section */

/* Begin XCBuildConfiguration section */
		E33DD1F61F1C844700112DA9 /* Debug */ = {
			isa = XCBuildConfiguration;
			buildSettings = {
				ALWAYS_SEARCH_USER_PATHS = NO;
				CLANG_ANALYZER_NONNULL = YES;
				CLANG_ANALYZER_NUMBER_OBJECT_CONVERSION = YES_AGGRESSIVE;
				CLANG_CXX_LANGUAGE_STANDARD = "gnu++0x";
				CLANG_CXX_LIBRARY = "libc++";
				CLANG_ENABLE_MODULES = YES;
				CLANG_ENABLE_OBJC_ARC = YES;
				CLANG_WARN_BOOL_CONVERSION = YES;
				CLANG_WARN_CONSTANT_CONVERSION = YES;
				CLANG_WARN_DIRECT_OBJC_ISA_USAGE = YES_ERROR;
				CLANG_WARN_DOCUMENTATION_COMMENTS = YES;
				CLANG_WARN_EMPTY_BODY = YES;
				CLANG_WARN_ENUM_CONVERSION = YES;
				CLANG_WARN_INFINITE_RECURSION = YES;
				CLANG_WARN_INT_CONVERSION = YES;
				CLANG_WARN_OBJC_ROOT_CLASS = YES_ERROR;
				CLANG_WARN_SUSPICIOUS_MOVE = YES;
				CLANG_WARN_UNREACHABLE_CODE = YES;
				CLANG_WARN__DUPLICATE_METHOD_MATCH = YES;
				"CODE_SIGN_IDENTITY[sdk=iphoneos*]" = "iPhone Developer";
				COPY_PHASE_STRIP = NO;
				DEBUG_INFORMATION_FORMAT = dwarf;
				ENABLE_STRICT_OBJC_MSGSEND = YES;
				ENABLE_TESTABILITY = YES;
				GCC_C_LANGUAGE_STANDARD = gnu99;
				GCC_DYNAMIC_NO_PIC = NO;
				GCC_NO_COMMON_BLOCKS = YES;
				GCC_OPTIMIZATION_LEVEL = 0;
				GCC_PREPROCESSOR_DEFINITIONS = (
					"DEBUG=1",
					"$(inherited)",
				);
				GCC_WARN_64_TO_32_BIT_CONVERSION = YES;
				GCC_WARN_ABOUT_RETURN_TYPE = YES_ERROR;
				GCC_WARN_UNDECLARED_SELECTOR = YES;
				GCC_WARN_UNINITIALIZED_AUTOS = YES_AGGRESSIVE;
				GCC_WARN_UNUSED_FUNCTION = YES;
				GCC_WARN_UNUSED_VARIABLE = YES;
				IPHONEOS_DEPLOYMENT_TARGET = 10.3;
				MTL_ENABLE_DEBUG_INFO = YES;
				ONLY_ACTIVE_ARCH = YES;
				SDKROOT = iphoneos;
				SWIFT_ACTIVE_COMPILATION_CONDITIONS = DEBUG;
				SWIFT_OPTIMIZATION_LEVEL = "-Onone";
				TARGETED_DEVICE_FAMILY = "1,2";
			};
			name = Debug;
		};
		E33DD1F71F1C844700112DA9 /* Release */ = {
			isa = XCBuildConfiguration;
			buildSettings = {
				ALWAYS_SEARCH_USER_PATHS = NO;
				CLANG_ANALYZER_NONNULL = YES;
				CLANG_ANALYZER_NUMBER_OBJECT_CONVERSION = YES_AGGRESSIVE;
				CLANG_CXX_LANGUAGE_STANDARD = "gnu++0x";
				CLANG_CXX_LIBRARY = "libc++";
				CLANG_ENABLE_MODULES = YES;
				CLANG_ENABLE_OBJC_ARC = YES;
				CLANG_WARN_BOOL_CONVERSION = YES;
				CLANG_WARN_CONSTANT_CONVERSION = YES;
				CLANG_WARN_DIRECT_OBJC_ISA_USAGE = YES_ERROR;
				CLANG_WARN_DOCUMENTATION_COMMENTS = YES;
				CLANG_WARN_EMPTY_BODY = YES;
				CLANG_WARN_ENUM_CONVERSION = YES;
				CLANG_WARN_INFINITE_RECURSION = YES;
				CLANG_WARN_INT_CONVERSION = YES;
				CLANG_WARN_OBJC_ROOT_CLASS = YES_ERROR;
				CLANG_WARN_SUSPICIOUS_MOVE = YES;
				CLANG_WARN_UNREACHABLE_CODE = YES;
				CLANG_WARN__DUPLICATE_METHOD_MATCH = YES;
				"CODE_SIGN_IDENTITY[sdk=iphoneos*]" = "iPhone Developer";
				COPY_PHASE_STRIP = NO;
				DEBUG_INFORMATION_FORMAT = "dwarf-with-dsym";
				ENABLE_NS_ASSERTIONS = NO;
				ENABLE_STRICT_OBJC_MSGSEND = YES;
				GCC_C_LANGUAGE_STANDARD = gnu99;
				GCC_NO_COMMON_BLOCKS = YES;
				GCC_WARN_64_TO_32_BIT_CONVERSION = YES;
				GCC_WARN_ABOUT_RETURN_TYPE = YES_ERROR;
				GCC_WARN_UNDECLARED_SELECTOR = YES;
				GCC_WARN_UNINITIALIZED_AUTOS = YES_AGGRESSIVE;
				GCC_WARN_UNUSED_FUNCTION = YES;
				GCC_WARN_UNUSED_VARIABLE = YES;
				IPHONEOS_DEPLOYMENT_TARGET = 10.3;
				MTL_ENABLE_DEBUG_INFO = NO;
				SDKROOT = iphoneos;
				SWIFT_OPTIMIZATION_LEVEL = "-Owholemodule";
				TARGETED_DEVICE_FAMILY = "1,2";
				VALIDATE_PRODUCT = YES;
			};
			name = Release;
		};
		E33DD1F91F1C844700112DA9 /* Debug */ = {
			isa = XCBuildConfiguration;
			baseConfigurationReference = 675677E66BAF3FB0D5EB9262 /* Pods-headerdevs-social.debug.xcconfig */;
			buildSettings = {
				ASSETCATALOG_COMPILER_APPICON_NAME = AppIcon;
				CODE_SIGN_ENTITLEMENTS = "headerdevs-social/headerdevs-social.entitlements";
				DEVELOPMENT_TEAM = HWPP5F66EL;
				INFOPLIST_FILE = "headerdevs-social/Info.plist";
				IPHONEOS_DEPLOYMENT_TARGET = 9.0;
				LD_RUNPATH_SEARCH_PATHS = "$(inherited) @executable_path/Frameworks";
				PRODUCT_BUNDLE_IDENTIFIER = "com.headerdevs.headerdevs-social";
				PRODUCT_NAME = "$(TARGET_NAME)";
				SWIFT_VERSION = 3.0;
			};
			name = Debug;
		};
		E33DD1FA1F1C844700112DA9 /* Release */ = {
			isa = XCBuildConfiguration;
			baseConfigurationReference = 503FF25896AB8D7DEF5B271D /* Pods-headerdevs-social.release.xcconfig */;
			buildSettings = {
				ASSETCATALOG_COMPILER_APPICON_NAME = AppIcon;
				CODE_SIGN_ENTITLEMENTS = "headerdevs-social/headerdevs-social.entitlements";
				DEVELOPMENT_TEAM = HWPP5F66EL;
				INFOPLIST_FILE = "headerdevs-social/Info.plist";
				IPHONEOS_DEPLOYMENT_TARGET = 9.0;
				LD_RUNPATH_SEARCH_PATHS = "$(inherited) @executable_path/Frameworks";
				PRODUCT_BUNDLE_IDENTIFIER = "com.headerdevs.headerdevs-social";
				PRODUCT_NAME = "$(TARGET_NAME)";
				SWIFT_VERSION = 3.0;
			};
			name = Release;
		};
/* End XCBuildConfiguration section */

/* Begin XCConfigurationList section */
		E33DD1E11F1C844500112DA9 /* Build configuration list for PBXProject "headerdevs-social" */ = {
			isa = XCConfigurationList;
			buildConfigurations = (
				E33DD1F61F1C844700112DA9 /* Debug */,
				E33DD1F71F1C844700112DA9 /* Release */,
			);
			defaultConfigurationIsVisible = 0;
			defaultConfigurationName = Release;
		};
		E33DD1F81F1C844700112DA9 /* Build configuration list for PBXNativeTarget "headerdevs-social" */ = {
			isa = XCConfigurationList;
			buildConfigurations = (
				E33DD1F91F1C844700112DA9 /* Debug */,
				E33DD1FA1F1C844700112DA9 /* Release */,
			);
			defaultConfigurationIsVisible = 0;
			defaultConfigurationName = Release;
		};
/* End XCConfigurationList section */
	};
	rootObject = E33DD1DE1F1C844500112DA9 /* Project object */;
}
